
Microsoft Visual Studio Solution File, Format Version 12.00
# Visual Studio 14
VisualStudioVersion = 14.0.24720.0
MinimumVisualStudioVersion = 10.0.40219.1
Project("{FAE04EC0-301F-11D3-BF4B-00C04F79EFBC}") = "SampleProject", "SampleProject\SampleProject.csproj", "{003C6E6E-17DD-42CC-963B-76F8AB0B1629}"
EndProject
Project("{FAE04EC0-301F-11D3-BF4B-00C04F79EFBC}") = "SampleProject_BusinessEntities", "SampleProject_BusinessEntities\SampleProject_BusinessEntities.csproj", "{1D849FF8-F156-47EC-90A2-F3104AA45D9F}"
EndProject
Project("{FAE04EC0-301F-11D3-BF4B-00C04F79EFBC}") = "SampleProject_BusinessLogic", "SampleProject_BusinessLogic\SampleProject_BusinessLogic.csproj", "{6C7BFC28-E3B2-41A5-943E-436A8980BC65}"
EndProject
Project("{FAE04EC0-301F-11D3-BF4B-00C04F79EFBC}") = "SampleProject_DataAccess", "SampleProject_DataAccess\SampleProject_DataAccess.csproj", "{6B0543D6-7B37-4A2A-BEC4-594F546F070C}"
EndProject
Global
	GlobalSection(SolutionConfigurationPlatforms) = preSolution
		Debug|Any CPU = Debug|Any CPU
		Release|Any CPU = Release|Any CPU
	EndGlobalSection
	GlobalSection(ProjectConfigurationPlatforms) = postSolution
		{003C6E6E-17DD-42CC-963B-76F8AB0B1629}.Debug|Any CPU.ActiveCfg = Debug|Any CPU
		{003C6E6E-17DD-42CC-963B-76F8AB0B1629}.Debug|Any CPU.Build.0 = Debug|Any CPU
		{003C6E6E-17DD-42CC-963B-76F8AB0B1629}.Release|Any CPU.ActiveCfg = Release|Any CPU
		{003C6E6E-17DD-42CC-963B-76F8AB0B1629}.Release|Any CPU.Build.0 = Release|Any CPU
		{1D849FF8-F156-47EC-90A2-F3104AA45D9F}.Debug|Any CPU.ActiveCfg = Debug|Any CPU
		{1D849FF8-F156-47EC-90A2-F3104AA45D9F}.Debug|Any CPU.Build.0 = Debug|Any CPU
		{1D849FF8-F156-47EC-90A2-F3104AA45D9F}.Release|Any CPU.ActiveCfg = Release|Any CPU
		{1D849FF8-F156-47EC-90A2-F3104AA45D9F}.Release|Any CPU.Build.0 = Release|Any CPU
		{6C7BFC28-E3B2-41A5-943E-436A8980BC65}.Debug|Any CPU.ActiveCfg = Debug|Any CPU
		{6C7BFC28-E3B2-41A5-943E-436A8980BC65}.Debug|Any CPU.Build.0 = Debug|Any CPU
		{6C7BFC28-E3B2-41A5-943E-436A8980BC65}.Release|Any CPU.ActiveCfg = Release|Any CPU
		{6C7BFC28-E3B2-41A5-943E-436A8980BC65}.Release|Any CPU.Build.0 = Release|Any CPU
		{6B0543D6-7B37-4A2A-BEC4-594F546F070C}.Debug|Any CPU.ActiveCfg = Debug|Any CPU
		{6B0543D6-7B37-4A2A-BEC4-594F546F070C}.Debug|Any CPU.Build.0 = Debug|Any CPU
		{6B0543D6-7B37-4A2A-BEC4-594F546F070C}.Release|Any CPU.ActiveCfg = Release|Any CPU
		{6B0543D6-7B37-4A2A-BEC4-594F546F070C}.Release|Any CPU.Build.0 = Release|Any CPU
	EndGlobalSection
	GlobalSection(SolutionProperties) = preSolution
		HideSolutionNode = FALSE
	EndGlobalSection
EndGlobal
